Microsoft Visual Studio Solution File, Format Version 11.00
# Visual Studio 2008

Project("{1EF9B388-0DC6-6D18-96A5-642634973C02}") = "astrochimps", "Assembly-CSharp-vs.csproj", "{DFB5E9FA-5790-1250-B53A-1ECBAA3F5123}"
EndProject
Project("{1EF9B388-0DC6-6D18-96A5-642634973C02}") = "astrochimps", "Assembly-CSharp-Editor-vs.csproj", "{6A1CA4EB-31D0-89A0-3EF0-7E364B6EDDFE}"
EndProject
Global
	GlobalSection(SolutionConfigurationPlatforms) = preSolution
		Debug|Any CPU = Debug|Any CPU
		Release|Any CPU = Release|Any CPU
	EndGlobalSection
	GlobalSection(ProjectConfigurationPlatforms) = postSolution
		{DFB5E9FA-5790-1250-B53A-1ECBAA3F5123}.Debug|Any CPU.ActiveCfg = Debug|Any CPU
		{DFB5E9FA-5790-1250-B53A-1ECBAA3F5123}.Debug|Any CPU.Build.0 = Debug|Any CPU
		{DFB5E9FA-5790-1250-B53A-1ECBAA3F5123}.Release|Any CPU.ActiveCfg = Release|Any CPU
		{DFB5E9FA-5790-1250-B53A-1ECBAA3F5123}.Release|Any CPU.Build.0 = Release|Any CPU
		{6A1CA4EB-31D0-89A0-3EF0-7E364B6EDDFE}.Debug|Any CPU.ActiveCfg = Debug|Any CPU
		{6A1CA4EB-31D0-89A0-3EF0-7E364B6EDDFE}.Debug|Any CPU.Build.0 = Debug|Any CPU
		{6A1CA4EB-31D0-89A0-3EF0-7E364B6EDDFE}.Release|Any CPU.ActiveCfg = Release|Any CPU
		{6A1CA4EB-31D0-89A0-3EF0-7E364B6EDDFE}.Release|Any CPU.Build.0 = Release|Any CPU
	EndGlobalSection
	GlobalSection(SolutionProperties) = preSolution
		HideSolutionNode = FALSE
	EndGlobalSection
								GlobalSection(MonoDevelopProperties) = preSolution
		StartupItem = Assembly-CSharp.csproj
		Policies = $0
		$0.TextStylePolicy = $1
		$1.inheritsSet = null
		$1.scope = text/x-csharp
		$0.CSharpFormattingPolicy = $2
		$2.inheritsSet = Mono
		$2.inheritsScope = text/x-csharp
		$2.scope = text/x-csharp
		$0.TextStylePolicy = $3
		$3.FileWidth = 120
		$3.TabWidth = 4
		$3.EolMarker = Unix
		$3.inheritsSet = Mono
		$3.inheritsScope = text/plain
		$3.scope = text/plain
	EndGlobalSection

EndGlobal
